
Microsoft Visual Studio Solution File, Format Version 12.00
# Visual Studio 2013
VisualStudioVersion = 12.0.30501.0
MinimumVisualStudioVersion = 10.0.40219.1
Project("{FAE04EC0-301F-11D3-BF4B-00C04F79EFBC}") = "FacialRecognition", "FacialRecognition\FacialRecognition.csproj", "{5776870B-B619-48F4-9641-2263F6D559DB}"
EndProject
Project("{F088123C-0E9E-452A-89E6-6BA2F21D5CAC}") = "Modelling", "Modelling\Modelling.modelproj", "{170C798B-BCE2-42D3-A06C-16913FCC424B}"
EndProject
Project("{FAE04EC0-301F-11D3-BF4B-00C04F79EFBC}") = "FacialRecognition.Library", "FacialRecognition.Library\FacialRecognition.Library.csproj", "{49864109-6B1D-4327-9FC3-90F95240DD7A}"
EndProject
Project("{FAE04EC0-301F-11D3-BF4B-00C04F79EFBC}") = "FacialRecognition.Test", "FacialRecognition.Test\FacialRecognition.Test.csproj", "{845B38B3-B781-49B5-A8EB-57BA51171CEC}"
EndProject
Global
	GlobalSection(SolutionConfigurationPlatforms) = preSolution
		Debug|Any CPU = Debug|Any CPU
		Debug|x64 = Debug|x64
		Debug|x86 = Debug|x86
		Release|Any CPU = Release|Any CPU
		Release|x64 = Release|x64
		Release|x86 = Release|x86
	EndGlobalSection
	GlobalSection(ProjectConfigurationPlatforms) = postSolution
		{5776870B-B619-48F4-9641-2263F6D559DB}.Debug|Any CPU.ActiveCfg = Debug|Any CPU
		{5776870B-B619-48F4-9641-2263F6D559DB}.Debug|Any CPU.Build.0 = Debug|Any CPU
		{5776870B-B619-48F4-9641-2263F6D559DB}.Debug|x64.ActiveCfg = Debug|x64
		{5776870B-B619-48F4-9641-2263F6D559DB}.Debug|x64.Build.0 = Debug|x64
		{5776870B-B619-48F4-9641-2263F6D559DB}.Debug|x86.ActiveCfg = Debug|x86
		{5776870B-B619-48F4-9641-2263F6D559DB}.Debug|x86.Build.0 = Debug|x86
		{5776870B-B619-48F4-9641-2263F6D559DB}.Release|Any CPU.ActiveCfg = Release|Any CPU
		{5776870B-B619-48F4-9641-2263F6D559DB}.Release|Any CPU.Build.0 = Release|Any CPU
		{5776870B-B619-48F4-9641-2263F6D559DB}.Release|x64.ActiveCfg = Release|x64
		{5776870B-B619-48F4-9641-2263F6D559DB}.Release|x64.Build.0 = Release|x64
		{5776870B-B619-48F4-9641-2263F6D559DB}.Release|x86.ActiveCfg = Release|x86
		{5776870B-B619-48F4-9641-2263F6D559DB}.Release|x86.Build.0 = Release|x86
		{170C798B-BCE2-42D3-A06C-16913FCC424B}.Debug|Any CPU.ActiveCfg = Debug|Any CPU
		{170C798B-BCE2-42D3-A06C-16913FCC424B}.Debug|Any CPU.Build.0 = Debug|Any CPU
		{170C798B-BCE2-42D3-A06C-16913FCC424B}.Debug|x64.ActiveCfg = Debug|Any CPU
		{170C798B-BCE2-42D3-A06C-16913FCC424B}.Debug|x86.ActiveCfg = Debug|Any CPU
		{170C798B-BCE2-42D3-A06C-16913FCC424B}.Release|Any CPU.ActiveCfg = Release|Any CPU
		{170C798B-BCE2-42D3-A06C-16913FCC424B}.Release|Any CPU.Build.0 = Release|Any CPU
		{170C798B-BCE2-42D3-A06C-16913FCC424B}.Release|x64.ActiveCfg = Release|Any CPU
		{170C798B-BCE2-42D3-A06C-16913FCC424B}.Release|x86.ActiveCfg = Release|Any CPU
		{49864109-6B1D-4327-9FC3-90F95240DD7A}.Debug|Any CPU.ActiveCfg = Debug|Any CPU
		{49864109-6B1D-4327-9FC3-90F95240DD7A}.Debug|Any CPU.Build.0 = Debug|Any CPU
		{49864109-6B1D-4327-9FC3-90F95240DD7A}.Debug|x64.ActiveCfg = Debug|Any CPU
		{49864109-6B1D-4327-9FC3-90F95240DD7A}.Debug|x86.ActiveCfg = Debug|Any CPU
		{49864109-6B1D-4327-9FC3-90F95240DD7A}.Release|Any CPU.ActiveCfg = Release|Any CPU
		{49864109-6B1D-4327-9FC3-90F95240DD7A}.Release|Any CPU.Build.0 = Release|Any CPU
		{49864109-6B1D-4327-9FC3-90F95240DD7A}.Release|x64.ActiveCfg = Release|Any CPU
		{49864109-6B1D-4327-9FC3-90F95240DD7A}.Release|x86.ActiveCfg = Release|Any CPU
		{845B38B3-B781-49B5-A8EB-57BA51171CEC}.Debug|Any CPU.ActiveCfg = Debug|Any CPU
		{845B38B3-B781-49B5-A8EB-57BA51171CEC}.Debug|Any CPU.Build.0 = Debug|Any CPU
		{845B38B3-B781-49B5-A8EB-57BA51171CEC}.Debug|x64.ActiveCfg = Debug|Any CPU
		{845B38B3-B781-49B5-A8EB-57BA51171CEC}.Debug|x86.ActiveCfg = Debug|Any CPU
		{845B38B3-B781-49B5-A8EB-57BA51171CEC}.Release|Any CPU.ActiveCfg = Release|Any CPU
		{845B38B3-B781-49B5-A8EB-57BA51171CEC}.Release|Any CPU.Build.0 = Release|Any CPU
		{845B38B3-B781-49B5-A8EB-57BA51171CEC}.Release|x64.ActiveCfg = Release|Any CPU
		{845B38B3-B781-49B5-A8EB-57BA51171CEC}.Release|x86.ActiveCfg = Release|Any CPU
	EndGlobalSection
	GlobalSection(SolutionProperties) = preSolution
		HideSolutionNode = FALSE
	EndGlobalSection
EndGlobal
