
Microsoft Visual Studio Solution File, Format Version 12.00
# Visual Studio 2013
VisualStudioVersion = 12.0.30501.0
MinimumVisualStudioVersion = 10.0.40219.1
Project("{FAE04EC0-301F-11D3-BF4B-00C04F79EFBC}") = "FacialRecognition", "FacialRecognition\FacialRecognition.csproj", "{5776870B-B619-48F4-9641-2263F6D559DB}"
EndProject
Project("{F088123C-0E9E-452A-89E6-6BA2F21D5CAC}") = "Modelling", "Modelling\Modelling.modelproj", "{170C798B-BCE2-42D3-A06C-16913FCC424B}"
EndProject
Global
	GlobalSection(SolutionConfigurationPlatforms) = preSolution
		Debug|Any CPU = Debug|Any CPU
		Release|Any CPU = Release|Any CPU
	EndGlobalSection
	GlobalSection(ProjectConfigurationPlatforms) = postSolution
		{5776870B-B619-48F4-9641-2263F6D559DB}.Debug|Any CPU.ActiveCfg = Debug|Any CPU
		{5776870B-B619-48F4-9641-2263F6D559DB}.Debug|Any CPU.Build.0 = Debug|Any CPU
		{5776870B-B619-48F4-9641-2263F6D559DB}.Release|Any CPU.ActiveCfg = Release|Any CPU
		{5776870B-B619-48F4-9641-2263F6D559DB}.Release|Any CPU.Build.0 = Release|Any CPU
		{170C798B-BCE2-42D3-A06C-16913FCC424B}.Debug|Any CPU.ActiveCfg = Debug|Any CPU
		{170C798B-BCE2-42D3-A06C-16913FCC424B}.Debug|Any CPU.Build.0 = Debug|Any CPU
		{170C798B-BCE2-42D3-A06C-16913FCC424B}.Release|Any CPU.ActiveCfg = Release|Any CPU
		{170C798B-BCE2-42D3-A06C-16913FCC424B}.Release|Any CPU.Build.0 = Release|Any CPU
	EndGlobalSection
	GlobalSection(SolutionProperties) = preSolution
		HideSolutionNode = FALSE
	EndGlobalSection
EndGlobal
